// !$*UTF8*$!
{
	archiveVersion = 1;
	classes = {
	};
	objectVersion = 46;
	objects = {

/* Begin PBXBuildFile section */
		4A08308A1EAA67C600D14E87 /* LGAlertViewShadowView.m in Sources */ = {isa = PBXBuildFile; fileRef = 4A0830891EAA67C600D14E87 /* LGAlertViewShadowView.m */; };
		4A3B78661AD2A28200DB8642 /* main.m in Sources */ = {isa = PBXBuildFile; fileRef = 4A3B78651AD2A28200DB8642 /* main.m */; };
		4A3B78691AD2A28200DB8642 /* AppDelegate.m in Sources */ = {isa = PBXBuildFile; fileRef = 4A3B78681AD2A28200DB8642 /* AppDelegate.m */; };
		4A3B78711AD2A28300DB8642 /* Images.xcassets in Resources */ = {isa = PBXBuildFile; fileRef = 4A3B78701AD2A28300DB8642 /* Images.xcassets */; };
		4A3B788B1AD2A93D00DB8642 /* TableViewController.m in Sources */ = {isa = PBXBuildFile; fileRef = 4A3B788A1AD2A93D00DB8642 /* TableViewController.m */; };
		4A3B788E1AD2B29F00DB8642 /* NavigationController.m in Sources */ = {isa = PBXBuildFile; fileRef = 4A3B788D1AD2B29F00DB8642 /* NavigationController.m */; };
		4A587A591E9948A90010277C /* LGAlertViewWindowsObserver.m in Sources */ = {isa = PBXBuildFile; fileRef = 4A587A581E9948A90010277C /* LGAlertViewWindowsObserver.m */; };
		4A587A5C1E9952B80010277C /* LGAlertViewWindowContainer.m in Sources */ = {isa = PBXBuildFile; fileRef = 4A587A5B1E9952B80010277C /* LGAlertViewWindowContainer.m */; };
		4A7F959A1EA1525B0059090C /* TableViewControllerBlurredAlert.m in Sources */ = {isa = PBXBuildFile; fileRef = 4A7F95991EA1525B0059090C /* TableViewControllerBlurredAlert.m */; };
		4AA4DFDD1E1144C100CBB6AC /* LGAlertViewButton.m in Sources */ = {isa = PBXBuildFile; fileRef = 4AA4DFDC1E11448900CBB6AC /* LGAlertViewButton.m */; };
		4ABF191C1BDA895200A12B6E /* LaunchScreen.storyboard in Resources */ = {isa = PBXBuildFile; fileRef = 4ABF191B1BDA895200A12B6E /* LaunchScreen.storyboard */; };
		4ACB3DB41E0D65B600F041E2 /* CustomView.xib in Resources */ = {isa = PBXBuildFile; fileRef = 4ACB3DB31E0D65B600F041E2 /* CustomView.xib */; };
		4ACDE4C11BE10A4000CC8926 /* TableViewControllerAlert.m in Sources */ = {isa = PBXBuildFile; fileRef = 4ACDE4BE1BE10A4000CC8926 /* TableViewControllerAlert.m */; };
		4ACDE4C21BE10A4000CC8926 /* TableViewControllerActionSheet.m in Sources */ = {isa = PBXBuildFile; fileRef = 4ACDE4C01BE10A4000CC8926 /* TableViewControllerActionSheet.m */; };
		4ACDE4C51BE10F7100CC8926 /* TableViewControllerCustomAlert.m in Sources */ = {isa = PBXBuildFile; fileRef = 4ACDE4C41BE10F7100CC8926 /* TableViewControllerCustomAlert.m */; };
		4AD9CB841EC4D0400038328C /* TableViewControllerBlurredActionSheet.m in Sources */ = {isa = PBXBuildFile; fileRef = 4AD9CB831EC4D0400038328C /* TableViewControllerBlurredActionSheet.m */; };
		4AE5C0031E8A8A8600FA4A35 /* LGAlertViewHelper.m in Sources */ = {isa = PBXBuildFile; fileRef = 4AE5C0021E8A8A8600FA4A35 /* LGAlertViewHelper.m */; };
		4AEEC7541BE5381300ED5D90 /* TableViewControllerCustomActionSheet.m in Sources */ = {isa = PBXBuildFile; fileRef = 4AEEC7531BE5381300ED5D90 /* TableViewControllerCustomActionSheet.m */; };
		4AF138DD1BF381200037B073 /* LGAlertView.m in Sources */ = {isa = PBXBuildFile; fileRef = 4AF138CF1BF381200037B073 /* LGAlertView.m */; };
		4AF138DE1BF381200037B073 /* LGAlertViewButtonProperties.m in Sources */ = {isa = PBXBuildFile; fileRef = 4AF138D11BF381200037B073 /* LGAlertViewButtonProperties.m */; };
		4AF138DF1BF381200037B073 /* LGAlertViewCell.m in Sources */ = {isa = PBXBuildFile; fileRef = 4AF138D31BF381200037B073 /* LGAlertViewCell.m */; };
		4AF138E01BF381200037B073 /* LGAlertViewController.m in Sources */ = {isa = PBXBuildFile; fileRef = 4AF138D51BF381200037B073 /* LGAlertViewController.m */; };
		4AF138E11BF381200037B073 /* LGAlertViewTextField.m in Sources */ = {isa = PBXBuildFile; fileRef = 4AF138D81BF381200037B073 /* LGAlertViewTextField.m */; };
		4AF138E21BF381200037B073 /* LGAlertViewWindow.m in Sources */ = {isa = PBXBuildFile; fileRef = 4AF138DA1BF381200037B073 /* LGAlertViewWindow.m */; };
		4AF138E31BF381200037B073 /* UIWindow+LGAlertView.m in Sources */ = {isa = PBXBuildFile; fileRef = 4AF138DC1BF381200037B073 /* UIWindow+LGAlertView.m */; };
/* End PBXBuildFile section */

/* Begin PBXFileReference section */
		4A0830881EAA67C600D14E87 /* LGAlertViewShadowView.h */ = {isa = PBXFileReference; fileEncoding = 4; lastKnownFileType = sourcecode.c.h; path = LGAlertViewShadowView.h; sourceTree = "<group>"; };
		4A0830891EAA67C600D14E87 /* LGAlertViewShadowView.m */ = {isa = PBXFileReference; fileEncoding = 4; lastKnownFileType = sourcecode.c.objc; path = LGAlertViewShadowView.m; sourceTree = "<group>"; };
		4A3B78601AD2A28200DB8642 /* LGAlertViewDemo.app */ = {isa = PBXFileReference; explicitFileType = wrapper.application; includeInIndex = 0; path = LGAlertViewDemo.app; sourceTree = BUILT_PRODUCTS_DIR; };
		4A3B78641AD2A28200DB8642 /* Info.plist */ = {isa = PBXFileReference; lastKnownFileType = text.plist.xml; path = Info.plist; sourceTree = "<group>"; };
		4A3B78651AD2A28200DB8642 /* main.m */ = {isa = PBXFileReference; lastKnownFileType = sourcecode.c.objc; lineEnding = 0; path = main.m; sourceTree = "<group>"; xcLanguageSpecificationIdentifier = xcode.lang.objc; };
		4A3B78671AD2A28200DB8642 /* AppDelegate.h */ = {isa = PBXFileReference; lastKnownFileType = sourcecode.c.h; path = AppDelegate.h; sourceTree = "<group>"; };
		4A3B78681AD2A28200DB8642 /* AppDelegate.m */ = {isa = PBXFileReference; lastKnownFileType = sourcecode.c.objc; path = AppDelegate.m; sourceTree = "<group>"; };
		4A3B78701AD2A28300DB8642 /* Images.xcassets */ = {isa = PBXFileReference; lastKnownFileType = folder.assetcatalog; path = Images.xcassets; sourceTree = "<group>"; };
		4A3B78891AD2A93D00DB8642 /* TableViewController.h */ = {isa = PBXFileReference; fileEncoding = 4; lastKnownFileType = sourcecode.c.h; path = TableViewController.h; sourceTree = "<group>"; };
		4A3B788A1AD2A93D00DB8642 /* TableViewController.m */ = {isa = PBXFileReference; fileEncoding = 4; lastKnownFileType = sourcecode.c.objc; path = TableViewController.m; sourceTree = "<group>"; };
		4A3B788C1AD2B29F00DB8642 /* NavigationController.h */ = {isa = PBXFileReference; fileEncoding = 4; lastKnownFileType = sourcecode.c.h; path = NavigationController.h; sourceTree = "<group>"; };
		4A3B788D1AD2B29F00DB8642 /* NavigationController.m */ = {isa = PBXFileReference; fileEncoding = 4; lastKnownFileType = sourcecode.c.objc; path = NavigationController.m; sourceTree = "<group>"; };
		4A587A571E9948A90010277C /* LGAlertViewWindowsObserver.h */ = {isa = PBXFileReference; fileEncoding = 4; lastKnownFileType = sourcecode.c.h; path = LGAlertViewWindowsObserver.h; sourceTree = "<group>"; };
		4A587A581E9948A90010277C /* LGAlertViewWindowsObserver.m */ = {isa = PBXFileReference; fileEncoding = 4; lastKnownFileType = sourcecode.c.objc; path = LGAlertViewWindowsObserver.m; sourceTree = "<group>"; };
		4A587A5A1E9952B80010277C /* LGAlertViewWindowContainer.h */ = {isa = PBXFileReference; fileEncoding = 4; lastKnownFileType = sourcecode.c.h; path = LGAlertViewWindowContainer.h; sourceTree = "<group>"; };
		4A587A5B1E9952B80010277C /* LGAlertViewWindowContainer.m */ = {isa = PBXFileReference; fileEncoding = 4; lastKnownFileType = sourcecode.c.objc; path = LGAlertViewWindowContainer.m; sourceTree = "<group>"; };
		4A7F95981EA1525B0059090C /* TableViewControllerBlurredAlert.h */ = {isa = PBXFileReference; fileEncoding = 4; lastKnownFileType = sourcecode.c.h; path = TableViewControllerBlurredAlert.h; sourceTree = "<group>"; };
		4A7F95991EA1525B0059090C /* TableViewControllerBlurredAlert.m */ = {isa = PBXFileReference; fileEncoding = 4; lastKnownFileType = sourcecode.c.objc; path = TableViewControllerBlurredAlert.m; sourceTree = "<group>"; };
		4AA4DFDB1E11448900CBB6AC /* LGAlertViewButton.h */ = {isa = PBXFileReference; lastKnownFileType = sourcecode.c.h; path = LGAlertViewButton.h; sourceTree = "<group>"; };
		4AA4DFDC1E11448900CBB6AC /* LGAlertViewButton.m */ = {isa = PBXFileReference; lastKnownFileType = sourcecode.c.objc; path = LGAlertViewButton.m; sourceTree = "<group>"; };
		4ABF191B1BDA895200A12B6E /* LaunchScreen.storyboard */ = {isa = PBXFileReference; fileEncoding = 4; lastKnownFileType = file.storyboard; path = LaunchScreen.storyboard; sourceTree = "<group>"; };
		4ACB3DB31E0D65B600F041E2 /* CustomView.xib */ = {isa = PBXFileReference; fileEncoding = 4; lastKnownFileType = file.xib; path = CustomView.xib; sourceTree = "<group>"; };
		4ACDE4BD1BE10A4000CC8926 /* TableViewControllerAlert.h */ = {isa = PBXFileReference; fileEncoding = 4; lastKnownFileType = sourcecode.c.h; path = TableViewControllerAlert.h; sourceTree = "<group>"; };
		4ACDE4BE1BE10A4000CC8926 /* TableViewControllerAlert.m */ = {isa = PBXFileReference; fileEncoding = 4; lastKnownFileType = sourcecode.c.objc; path = TableViewControllerAlert.m; sourceTree = "<group>"; };
		4ACDE4BF1BE10A4000CC8926 /* TableViewControllerActionSheet.h */ = {isa = PBXFileReference; fileEncoding = 4; lastKnownFileType = sourcecode.c.h; path = TableViewControllerActionSheet.h; sourceTree = "<group>"; };
		4ACDE4C01BE10A4000CC8926 /* TableViewControllerActionSheet.m */ = {isa = PBXFileReference; fileEncoding = 4; lastKnownFileType = sourcecode.c.objc; path = TableViewControllerActionSheet.m; sourceTree = "<group>"; };
		4ACDE4C31BE10F7100CC8926 /* TableViewControllerCustomAlert.h */ = {isa = PBXFileReference; fileEncoding = 4; lastKnownFileType = sourcecode.c.h; path = TableViewControllerCustomAlert.h; sourceTree = "<group>"; };
		4ACDE4C41BE10F7100CC8926 /* TableViewControllerCustomAlert.m */ = {isa = PBXFileReference; fileEncoding = 4; lastKnownFileType = sourcecode.c.objc; path = TableViewControllerCustomAlert.m; sourceTree = "<group>"; };
		4AD9CB821EC4D0400038328C /* TableViewControllerBlurredActionSheet.h */ = {isa = PBXFileReference; fileEncoding = 4; lastKnownFileType = sourcecode.c.h; path = TableViewControllerBlurredActionSheet.h; sourceTree = "<group>"; };
		4AD9CB831EC4D0400038328C /* TableViewControllerBlurredActionSheet.m */ = {isa = PBXFileReference; fileEncoding = 4; lastKnownFileType = sourcecode.c.objc; path = TableViewControllerBlurredActionSheet.m; sourceTree = "<group>"; };
		4AE5C0011E8A8A8600FA4A35 /* LGAlertViewHelper.h */ = {isa = PBXFileReference; fileEncoding = 4; lastKnownFileType = sourcecode.c.h; path = LGAlertViewHelper.h; sourceTree = "<group>"; };
		4AE5C0021E8A8A8600FA4A35 /* LGAlertViewHelper.m */ = {isa = PBXFileReference; fileEncoding = 4; lastKnownFileType = sourcecode.c.objc; path = LGAlertViewHelper.m; sourceTree = "<group>"; };
		4AEEC7521BE5381300ED5D90 /* TableViewControllerCustomActionSheet.h */ = {isa = PBXFileReference; fileEncoding = 4; lastKnownFileType = sourcecode.c.h; path = TableViewControllerCustomActionSheet.h; sourceTree = "<group>"; };
		4AEEC7531BE5381300ED5D90 /* TableViewControllerCustomActionSheet.m */ = {isa = PBXFileReference; fileEncoding = 4; lastKnownFileType = sourcecode.c.objc; path = TableViewControllerCustomActionSheet.m; sourceTree = "<group>"; };
		4AF138CE1BF381200037B073 /* LGAlertView.h */ = {isa = PBXFileReference; fileEncoding = 4; lastKnownFileType = sourcecode.c.h; lineEnding = 0; path = LGAlertView.h; sourceTree = "<group>"; };
		4AF138CF1BF381200037B073 /* LGAlertView.m */ = {isa = PBXFileReference; fileEncoding = 4; lastKnownFileType = sourcecode.c.objc; lineEnding = 0; path = LGAlertView.m; sourceTree = "<group>"; };
		4AF138D01BF381200037B073 /* LGAlertViewButtonProperties.h */ = {isa = PBXFileReference; fileEncoding = 4; lastKnownFileType = sourcecode.c.h; lineEnding = 0; path = LGAlertViewButtonProperties.h; sourceTree = "<group>"; };
		4AF138D11BF381200037B073 /* LGAlertViewButtonProperties.m */ = {isa = PBXFileReference; fileEncoding = 4; lastKnownFileType = sourcecode.c.objc; lineEnding = 0; path = LGAlertViewButtonProperties.m; sourceTree = "<group>"; };
		4AF138D21BF381200037B073 /* LGAlertViewCell.h */ = {isa = PBXFileReference; fileEncoding = 4; lastKnownFileType = sourcecode.c.h; lineEnding = 0; path = LGAlertViewCell.h; sourceTree = "<group>"; };
		4AF138D31BF381200037B073 /* LGAlertViewCell.m */ = {isa = PBXFileReference; fileEncoding = 4; lastKnownFileType = sourcecode.c.objc; lineEnding = 0; path = LGAlertViewCell.m; sourceTree = "<group>"; };
		4AF138D41BF381200037B073 /* LGAlertViewController.h */ = {isa = PBXFileReference; fileEncoding = 4; lastKnownFileType = sourcecode.c.h; lineEnding = 0; path = LGAlertViewController.h; sourceTree = "<group>"; };
		4AF138D51BF381200037B073 /* LGAlertViewController.m */ = {isa = PBXFileReference; fileEncoding = 4; lastKnownFileType = sourcecode.c.objc; lineEnding = 0; path = LGAlertViewController.m; sourceTree = "<group>"; };
		4AF138D71BF381200037B073 /* LGAlertViewTextField.h */ = {isa = PBXFileReference; fileEncoding = 4; lastKnownFileType = sourcecode.c.h; lineEnding = 0; path = LGAlertViewTextField.h; sourceTree = "<group>"; };
		4AF138D81BF381200037B073 /* LGAlertViewTextField.m */ = {isa = PBXFileReference; fileEncoding = 4; lastKnownFileType = sourcecode.c.objc; lineEnding = 0; path = LGAlertViewTextField.m; sourceTree = "<group>"; };
		4AF138D91BF381200037B073 /* LGAlertViewWindow.h */ = {isa = PBXFileReference; fileEncoding = 4; lastKnownFileType = sourcecode.c.h; lineEnding = 0; path = LGAlertViewWindow.h; sourceTree = "<group>"; };
		4AF138DA1BF381200037B073 /* LGAlertViewWindow.m */ = {isa = PBXFileReference; fileEncoding = 4; lastKnownFileType = sourcecode.c.objc; lineEnding = 0; path = LGAlertViewWindow.m; sourceTree = "<group>"; };
		4AF138DB1BF381200037B073 /* UIWindow+LGAlertView.h */ = {isa = PBXFileReference; fileEncoding = 4; lastKnownFileType = sourcecode.c.h; lineEnding = 0; path = "UIWindow+LGAlertView.h"; sourceTree = "<group>"; };
		4AF138DC1BF381200037B073 /* UIWindow+LGAlertView.m */ = {isa = PBXFileReference; fileEncoding = 4; lastKnownFileType = sourcecode.c.objc; lineEnding = 0; path = "UIWindow+LGAlertView.m"; sourceTree = "<group>"; };
		4AF319DF1E104AC40035FE21 /* LGAlertViewShared.h */ = {isa = PBXFileReference; lastKnownFileType = sourcecode.c.h; path = LGAlertViewShared.h; sourceTree = "<group>"; };
/* End PBXFileReference section */

/* Begin PBXFrameworksBuildPhase section */
		4A3B785D1AD2A28200DB8642 /* Frameworks */ = {
			isa = PBXFrameworksBuildPhase;
			buildActionMask = 2147483647;
			files = (
			);
			runOnlyForDeploymentPostprocessing = 0;
		};
/* End PBXFrameworksBuildPhase section */

/* Begin PBXGroup section */
		4A3B78571AD2A28200DB8642 = {
			isa = PBXGroup;
			children = (
				4AF138CD1BF381200037B073 /* LGAlertView */,
				4A3B78621AD2A28200DB8642 /* LGAlertViewDemo */,
				4A3B78611AD2A28200DB8642 /* Products */,
				72646D99469FDAC04E185CBA /* Frameworks */,
			);
			sourceTree = "<group>";
		};
		4A3B78611AD2A28200DB8642 /* Products */ = {
			isa = PBXGroup;
			children = (
				4A3B78601AD2A28200DB8642 /* LGAlertViewDemo.app */,
			);
			name = Products;
			sourceTree = "<group>";
		};
		4A3B78621AD2A28200DB8642 /* LGAlertViewDemo */ = {
			isa = PBXGroup;
			children = (
				4A3B78671AD2A28200DB8642 /* AppDelegate.h */,
				4A3B78681AD2A28200DB8642 /* AppDelegate.m */,
				4A3B788C1AD2B29F00DB8642 /* NavigationController.h */,
				4A3B788D1AD2B29F00DB8642 /* NavigationController.m */,
				4A3B78891AD2A93D00DB8642 /* TableViewController.h */,
				4A3B788A1AD2A93D00DB8642 /* TableViewController.m */,
				4ACDE4BD1BE10A4000CC8926 /* TableViewControllerAlert.h */,
				4ACDE4BE1BE10A4000CC8926 /* TableViewControllerAlert.m */,
				4ACDE4BF1BE10A4000CC8926 /* TableViewControllerActionSheet.h */,
				4ACDE4C01BE10A4000CC8926 /* TableViewControllerActionSheet.m */,
				4A7F95981EA1525B0059090C /* TableViewControllerBlurredAlert.h */,
				4A7F95991EA1525B0059090C /* TableViewControllerBlurredAlert.m */,
				4AD9CB821EC4D0400038328C /* TableViewControllerBlurredActionSheet.h */,
				4AD9CB831EC4D0400038328C /* TableViewControllerBlurredActionSheet.m */,
				4ACDE4C31BE10F7100CC8926 /* TableViewControllerCustomAlert.h */,
				4ACDE4C41BE10F7100CC8926 /* TableViewControllerCustomAlert.m */,
				4AEEC7521BE5381300ED5D90 /* TableViewControllerCustomActionSheet.h */,
				4AEEC7531BE5381300ED5D90 /* TableViewControllerCustomActionSheet.m */,
				4A3B78701AD2A28300DB8642 /* Images.xcassets */,
				4A3B78631AD2A28200DB8642 /* Supporting Files */,
				4ABF191B1BDA895200A12B6E /* LaunchScreen.storyboard */,
				4ACB3DB31E0D65B600F041E2 /* CustomView.xib */,
			);
			path = LGAlertViewDemo;
			sourceTree = "<group>";
		};
		4A3B78631AD2A28200DB8642 /* Supporting Files */ = {
			isa = PBXGroup;
			children = (
				4A3B78641AD2A28200DB8642 /* Info.plist */,
				4A3B78651AD2A28200DB8642 /* main.m */,
			);
			name = "Supporting Files";
			sourceTree = "<group>";
		};
		4AF138CD1BF381200037B073 /* LGAlertView */ = {
			isa = PBXGroup;
			children = (
				4AF138CE1BF381200037B073 /* LGAlertView.h */,
				4AF138CF1BF381200037B073 /* LGAlertView.m */,
				4AA4DFDB1E11448900CBB6AC /* LGAlertViewButton.h */,
				4AA4DFDC1E11448900CBB6AC /* LGAlertViewButton.m */,
				4AF138D01BF381200037B073 /* LGAlertViewButtonProperties.h */,
				4AF138D11BF381200037B073 /* LGAlertViewButtonProperties.m */,
				4AF138D21BF381200037B073 /* LGAlertViewCell.h */,
				4AF138D31BF381200037B073 /* LGAlertViewCell.m */,
				4AF138D41BF381200037B073 /* LGAlertViewController.h */,
				4AF138D51BF381200037B073 /* LGAlertViewController.m */,
				4AE5C0011E8A8A8600FA4A35 /* LGAlertViewHelper.h */,
				4AE5C0021E8A8A8600FA4A35 /* LGAlertViewHelper.m */,
				4A0830881EAA67C600D14E87 /* LGAlertViewShadowView.h */,
				4A0830891EAA67C600D14E87 /* LGAlertViewShadowView.m */,
				4AF319DF1E104AC40035FE21 /* LGAlertViewShared.h */,
				4AF138D71BF381200037B073 /* LGAlertViewTextField.h */,
				4AF138D81BF381200037B073 /* LGAlertViewTextField.m */,
				4AF138D91BF381200037B073 /* LGAlertViewWindow.h */,
				4AF138DA1BF381200037B073 /* LGAlertViewWindow.m */,
				4A587A5A1E9952B80010277C /* LGAlertViewWindowContainer.h */,
				4A587A5B1E9952B80010277C /* LGAlertViewWindowContainer.m */,
				4A587A571E9948A90010277C /* LGAlertViewWindowsObserver.h */,
				4A587A581E9948A90010277C /* LGAlertViewWindowsObserver.m */,
				4AF138DB1BF381200037B073 /* UIWindow+LGAlertView.h */,
				4AF138DC1BF381200037B073 /* UIWindow+LGAlertView.m */,
			);
			name = LGAlertView;
			path = ../LGAlertView;
			sourceTree = "<group>";
		};
		72646D99469FDAC04E185CBA /* Frameworks */ = {
			isa = PBXGroup;
			children = (
			);
			name = Frameworks;
			sourceTree = "<group>";
		};
/* End PBXGroup section */

/* Begin PBXNativeTarget section */
		4A3B785F1AD2A28200DB8642 /* LGAlertViewDemo */ = {
			isa = PBXNativeTarget;
			buildConfigurationList = 4A3B78831AD2A28300DB8642 /* Build configuration list for PBXNativeTarget "LGAlertViewDemo" */;
			buildPhases = (
				4A3B785C1AD2A28200DB8642 /* Sources */,
				4A3B785D1AD2A28200DB8642 /* Frameworks */,
				4A3B785E1AD2A28200DB8642 /* Resources */,
			);
			buildRules = (
			);
			dependencies = (
			);
			name = LGAlertViewDemo;
			productName = LGAlertViewDemo;
			productReference = 4A3B78601AD2A28200DB8642 /* LGAlertViewDemo.app */;
			productType = "com.apple.product-type.application";
		};
/* End PBXNativeTarget section */

/* Begin PBXProject section */
		4A3B78581AD2A28200DB8642 /* Project object */ = {
			isa = PBXProject;
			attributes = {
				LastUpgradeCheck = 0820;
				ORGANIZATIONNAME = "Grigory Lutkov";
				TargetAttributes = {
					4A3B785F1AD2A28200DB8642 = {
						CreatedOnToolsVersion = 6.2;
					};
				};
			};
			buildConfigurationList = 4A3B785B1AD2A28200DB8642 /* Build configuration list for PBXProject "LGAlertViewDemo" */;
			compatibilityVersion = "Xcode 3.2";
			developmentRegion = English;
			hasScannedForEncodings = 0;
			knownRegions = (
				en,
				Base,
			);
			mainGroup = 4A3B78571AD2A28200DB8642;
			productRefGroup = 4A3B78611AD2A28200DB8642 /* Products */;
			projectDirPath = "";
			projectRoot = "";
			targets = (
				4A3B785F1AD2A28200DB8642 /* LGAlertViewDemo */,
			);
		};
/* End PBXProject section */

/* Begin PBXResourcesBuildPhase section */
		4A3B785E1AD2A28200DB8642 /* Resources */ = {
			isa = PBXResourcesBuildPhase;
			buildActionMask = 2147483647;
			files = (
				4A3B78711AD2A28300DB8642 /* Images.xcassets in Resources */,
				4ABF191C1BDA895200A12B6E /* LaunchScreen.storyboard in Resources */,
				4ACB3DB41E0D65B600F041E2 /* CustomView.xib in Resources */,
			);
			runOnlyForDeploymentPostprocessing = 0;
		};
/* End PBXResourcesBuildPhase section */

/* Begin PBXSourcesBuildPhase section */
		4A3B785C1AD2A28200DB8642 /* Sources */ = {
			isa = PBXSourcesBuildPhase;
			buildActionMask = 2147483647;
			files = (
				4AF138E11BF381200037B073 /* LGAlertViewTextField.m in Sources */,
				4AF138E31BF381200037B073 /* UIWindow+LGAlertView.m in Sources */,
				4A7F959A1EA1525B0059090C /* TableViewControllerBlurredAlert.m in Sources */,
				4AF138E01BF381200037B073 /* LGAlertViewController.m in Sources */,
				4AA4DFDD1E1144C100CBB6AC /* LGAlertViewButton.m in Sources */,
				4A587A591E9948A90010277C /* LGAlertViewWindowsObserver.m in Sources */,
				4AE5C0031E8A8A8600FA4A35 /* LGAlertViewHelper.m in Sources */,
				4ACDE4C21BE10A4000CC8926 /* TableViewControllerActionSheet.m in Sources */,
				4AF138DE1BF381200037B073 /* LGAlertViewButtonProperties.m in Sources */,
				4A587A5C1E9952B80010277C /* LGAlertViewWindowContainer.m in Sources */,
				4ACDE4C51BE10F7100CC8926 /* TableViewControllerCustomAlert.m in Sources */,
				4AEEC7541BE5381300ED5D90 /* TableViewControllerCustomActionSheet.m in Sources */,
				4AD9CB841EC4D0400038328C /* TableViewControllerBlurredActionSheet.m in Sources */,
				4A3B78691AD2A28200DB8642 /* AppDelegate.m in Sources */,
				4A3B788E1AD2B29F00DB8642 /* NavigationController.m in Sources */,
				4ACDE4C11BE10A4000CC8926 /* TableViewControllerAlert.m in Sources */,
				4A3B78661AD2A28200DB8642 /* main.m in Sources */,
				4AF138DD1BF381200037B073 /* LGAlertView.m in Sources */,
				4AF138DF1BF381200037B073 /* LGAlertViewCell.m in Sources */,
				4A08308A1EAA67C600D14E87 /* LGAlertViewShadowView.m in Sources */,
				4AF138E21BF381200037B073 /* LGAlertViewWindow.m in Sources */,
				4A3B788B1AD2A93D00DB8642 /* TableViewController.m in Sources */,
			);
			runOnlyForDeploymentPostprocessing = 0;
		};
/* End PBXSourcesBuildPhase section */

/* Begin XCBuildConfiguration section */
		4A3B78811AD2A28300DB8642 /* Debug */ = {
			isa = XCBuildConfiguration;
			buildSettings = {
				ALWAYS_SEARCH_USER_PATHS = NO;
				CLANG_CXX_LANGUAGE_STANDARD = "gnu++0x";
				CLANG_CXX_LIBRARY = "libc++";
				CLANG_ENABLE_MODULES = YES;
				CLANG_ENABLE_OBJC_ARC = YES;
				CLANG_WARN_BOOL_CONVERSION = YES;
				CLANG_WARN_CONSTANT_CONVERSION = YES;
				CLANG_WARN_DIRECT_OBJC_ISA_USAGE = YES_ERROR;
				CLANG_WARN_EMPTY_BODY = YES;
				CLANG_WARN_ENUM_CONVERSION = YES;
				CLANG_WARN_INFINITE_RECURSION = YES;
				CLANG_WARN_INT_CONVERSION = YES;
				CLANG_WARN_OBJC_ROOT_CLASS = YES_ERROR;
				CLANG_WARN_SUSPICIOUS_MOVE = YES;
				CLANG_WARN_UNREACHABLE_CODE = YES;
				CLANG_WARN__DUPLICATE_METHOD_MATCH = YES;
				"CODE_SIGN_IDENTITY[sdk=iphoneos*]" = "iPhone Developer";
				COPY_PHASE_STRIP = NO;
				ENABLE_STRICT_OBJC_MSGSEND = YES;
				ENABLE_TESTABILITY = YES;
				GCC_C_LANGUAGE_STANDARD = gnu99;
				GCC_DYNAMIC_NO_PIC = NO;
				GCC_NO_COMMON_BLOCKS = YES;
				GCC_OPTIMIZATION_LEVEL = 0;
				GCC_PREPROCESSOR_DEFINITIONS = (
					"DEBUG=1",
					"LG_ALERT_VIEW_DEBUG=1",
					"$(inherited)",
				);
				GCC_SYMBOLS_PRIVATE_EXTERN = NO;
				GCC_WARN_64_TO_32_BIT_CONVERSION = YES;
				GCC_WARN_ABOUT_RETURN_TYPE = YES_ERROR;
				GCC_WARN_UNDECLARED_SELECTOR = YES;
				GCC_WARN_UNINITIALIZED_AUTOS = YES_AGGRESSIVE;
				GCC_WARN_UNUSED_FUNCTION = YES;
				GCC_WARN_UNUSED_VARIABLE = YES;
				IPHONEOS_DEPLOYMENT_TARGET = 8.0;
				MTL_ENABLE_DEBUG_INFO = YES;
				ONLY_ACTIVE_ARCH = YES;
				SDKROOT = iphoneos;
				TARGETED_DEVICE_FAMILY = "1,2";
			};
			name = Debug;
		};
		4A3B78821AD2A28300DB8642 /* Release */ = {
			isa = XCBuildConfiguration;
			buildSettings = {
				ALWAYS_SEARCH_USER_PATHS = NO;
				CLANG_CXX_LANGUAGE_STANDARD = "gnu++0x";
				CLANG_CXX_LIBRARY = "libc++";
				CLANG_ENABLE_MODULES = YES;
				CLANG_ENABLE_OBJC_ARC = YES;
				CLANG_WARN_BOOL_CONVERSION = YES;
				CLANG_WARN_CONSTANT_CONVERSION = YES;
				CLANG_WARN_DIRECT_OBJC_ISA_USAGE = YES_ERROR;
				CLANG_WARN_EMPTY_BODY = YES;
				CLANG_WARN_ENUM_CONVERSION = YES;
				CLANG_WARN_INFINITE_RECURSION = YES;
				CLANG_WARN_INT_CONVERSION = YES;
				CLANG_WARN_OBJC_ROOT_CLASS = YES_ERROR;
				CLANG_WARN_SUSPICIOUS_MOVE = YES;
				CLANG_WARN_UNREACHABLE_CODE = YES;
				CLANG_WARN__DUPLICATE_METHOD_MATCH = YES;
				"CODE_SIGN_IDENTITY[sdk=iphoneos*]" = "iPhone Developer";
				COPY_PHASE_STRIP = NO;
				ENABLE_NS_ASSERTIONS = NO;
				ENABLE_STRICT_OBJC_MSGSEND = YES;
				GCC_C_LANGUAGE_STANDARD = gnu99;
				GCC_NO_COMMON_BLOCKS = YES;
				GCC_WARN_64_TO_32_BIT_CONVERSION = YES;
				GCC_WARN_ABOUT_RETURN_TYPE = YES_ERROR;
				GCC_WARN_UNDECLARED_SELECTOR = YES;
				GCC_WARN_UNINITIALIZED_AUTOS = YES_AGGRESSIVE;
				GCC_WARN_UNUSED_FUNCTION = YES;
				GCC_WARN_UNUSED_VARIABLE = YES;
				IPHONEOS_DEPLOYMENT_TARGET = 8.0;
				MTL_ENABLE_DEBUG_INFO = NO;
				SDKROOT = iphoneos;
				TARGETED_DEVICE_FAMILY = "1,2";
				VALIDATE_PRODUCT = YES;
			};
			name = Release;
		};
		4A3B78841AD2A28300DB8642 /* Debug */ = {
			isa = XCBuildConfiguration;
			buildSettings = {
				DEVELOPMENT_TEAM = "";
				INFOPLIST_FILE = LGAlertViewDemo/Info.plist;
				IPHONEOS_DEPLOYMENT_TARGET = 8.0;
				LD_RUNPATH_SEARCH_PATHS = "$(inherited) @executable_path/Frameworks";
				PRODUCT_BUNDLE_IDENTIFIER = com.test.LGAlertViewDemo;
				PRODUCT_NAME = "$(TARGET_NAME)";
				TARGETED_DEVICE_FAMILY = "1,2";
			};
			name = Debug;
		};
		4A3B78851AD2A28300DB8642 /* Release */ = {
			isa = XCBuildConfiguration;
			buildSettings = {
				DEVELOPMENT_TEAM = "";
				INFOPLIST_FILE = LGAlertViewDemo/Info.plist;
				IPHONEOS_DEPLOYMENT_TARGET = 8.0;
				LD_RUNPATH_SEARCH_PATHS = "$(inherited) @executable_path/Frameworks";
				PRODUCT_BUNDLE_IDENTIFIER = com.test.LGAlertViewDemo;
				PRODUCT_NAME = "$(TARGET_NAME)";
				TARGETED_DEVICE_FAMILY = "1,2";
			};
			name = Release;
		};
/* End XCBuildConfiguration section */

/* Begin XCConfigurationList section */
		4A3B785B1AD2A28200DB8642 /* Build configuration list for PBXProject "LGAlertViewDemo" */ = {
			isa = XCConfigurationList;
			buildConfigurations = (
				4A3B78811AD2A28300DB8642 /* Debug */,
				4A3B78821AD2A28300DB8642 /* Release */,
			);
			defaultConfigurationIsVisible = 0;
			defaultConfigurationName = Release;
		};
		4A3B78831AD2A28300DB8642 /* Build configuration list for PBXNativeTarget "LGAlertViewDemo" */ = {
			isa = XCConfigurationList;
			buildConfigurations = (
				4A3B78841AD2A28300DB8642 /* Debug */,
				4A3B78851AD2A28300DB8642 /* Release */,
			);
			defaultConfigurationIsVisible = 0;
			defaultConfigurationName = Release;
		};
/* End XCConfigurationList section */
	};
	rootObject = 4A3B78581AD2A28200DB8642 /* Project object */;
}
